// !$*UTF8*$!
{
	archiveVersion = 1;
	classes = {
	};
	objectVersion = 46;
	objects = {

/* Begin PBXBuildFile section */
		84B426DE187BCC4200783D95 /* Foundation.framework in Frameworks */ = {isa = PBXBuildFile; fileRef = 84B426DD187BCC4200783D95 /* Foundation.framework */; };
		84B426E0187BCC4200783D95 /* CoreGraphics.framework in Frameworks */ = {isa = PBXBuildFile; fileRef = 84B426DF187BCC4200783D95 /* CoreGraphics.framework */; };
		84B426E2187BCC4200783D95 /* UIKit.framework in Frameworks */ = {isa = PBXBuildFile; fileRef = 84B426E1187BCC4200783D95 /* UIKit.framework */; };
		84B426E8187BCC4200783D95 /* InfoPlist.strings in Resources */ = {isa = PBXBuildFile; fileRef = 84B426E6187BCC4200783D95 /* InfoPlist.strings */; };
		84B426EA187BCC4200783D95 /* main.m in Sources */ = {isa = PBXBuildFile; fileRef = 84B426E9187BCC4200783D95 /* main.m */; };
		84B426EE187BCC4200783D95 /* AppDelegate.m in Sources */ = {isa = PBXBuildFile; fileRef = 84B426ED187BCC4200783D95 /* AppDelegate.m */; };
		84B426F0187BCC4200783D95 /* Images.xcassets in Resources */ = {isa = PBXBuildFile; fileRef = 84B426EF187BCC4200783D95 /* Images.xcassets */; };
		84B426F7187BCC4200783D95 /* XCTest.framework in Frameworks */ = {isa = PBXBuildFile; fileRef = 84B426F6187BCC4200783D95 /* XCTest.framework */; };
		84B426F8187BCC4200783D95 /* Foundation.framework in Frameworks */ = {isa = PBXBuildFile; fileRef = 84B426DD187BCC4200783D95 /* Foundation.framework */; };
		84B426F9187BCC4200783D95 /* UIKit.framework in Frameworks */ = {isa = PBXBuildFile; fileRef = 84B426E1187BCC4200783D95 /* UIKit.framework */; };
		84B42701187BCC4200783D95 /* InfoPlist.strings in Resources */ = {isa = PBXBuildFile; fileRef = 84B426FF187BCC4200783D95 /* InfoPlist.strings */; };
		84B42703187BCC4200783D95 /* TextExtractorTests.m in Sources */ = {isa = PBXBuildFile; fileRef = 84B42702187BCC4200783D95 /* TextExtractorTests.m */; };
		84B42711187C210600783D95 /* MVTextExtractor.m in Sources */ = {isa = PBXBuildFile; fileRef = 84B42710187C210600783D95 /* MVTextExtractor.m */; };
		84B42714187C286B00783D95 /* NSString+MVString.m in Sources */ = {isa = PBXBuildFile; fileRef = 84B42713187C286B00783D95 /* NSString+MVString.m */; };
/* End PBXBuildFile section */

/* Begin PBXContainerItemProxy section */
		84B426FA187BCC4200783D95 /* PBXContainerItemProxy */ = {
			isa = PBXContainerItemProxy;
			containerPortal = 84B426D2187BCC4200783D95 /* Project object */;
			proxyType = 1;
			remoteGlobalIDString = 84B426D9187BCC4200783D95;
			remoteInfo = TextExtractor;
		};
/* End PBXContainerItemProxy section */

/* Begin PBXFileReference section */
		84B426DA187BCC4200783D95 /* TextExtractor.app */ = {isa = PBXFileReference; explicitFileType = wrapper.application; includeInIndex = 0; path = TextExtractor.app; sourceTree = BUILT_PRODUCTS_DIR; };
		84B426DD187BCC4200783D95 /* Foundation.framework */ = {isa = PBXFileReference; lastKnownFileType = wrapper.framework; name = Foundation.framework; path = System/Library/Frameworks/Foundation.framework; sourceTree = SDKROOT; };
		84B426DF187BCC4200783D95 /* CoreGraphics.framework */ = {isa = PBXFileReference; lastKnownFileType = wrapper.framework; name = CoreGraphics.framework; path = System/Library/Frameworks/CoreGraphics.framework; sourceTree = SDKROOT; };
		84B426E1187BCC4200783D95 /* UIKit.framework */ = {isa = PBXFileReference; lastKnownFileType = wrapper.framework; name = UIKit.framework; path = System/Library/Frameworks/UIKit.framework; sourceTree = SDKROOT; };
		84B426E5187BCC4200783D95 /* TextExtractor-Info.plist */ = {isa = PBXFileReference; lastKnownFileType = text.plist.xml; path = "TextExtractor-Info.plist"; sourceTree = "<group>"; };
		84B426E7187BCC4200783D95 /* en */ = {isa = PBXFileReference; lastKnownFileType = text.plist.strings; name = en; path = en.lproj/InfoPlist.strings; sourceTree = "<group>"; };
		84B426E9187BCC4200783D95 /* main.m */ = {isa = PBXFileReference; lastKnownFileType = sourcecode.c.objc; path = main.m; sourceTree = "<group>"; };
		84B426EB187BCC4200783D95 /* TextExtractor-Prefix.pch */ = {isa = PBXFileReference; lastKnownFileType = sourcecode.c.h; path = "TextExtractor-Prefix.pch"; sourceTree = "<group>"; };
		84B426EC187BCC4200783D95 /* AppDelegate.h */ = {isa = PBXFileReference; lastKnownFileType = sourcecode.c.h; path = AppDelegate.h; sourceTree = "<group>"; };
		84B426ED187BCC4200783D95 /* AppDelegate.m */ = {isa = PBXFileReference; lastKnownFileType = sourcecode.c.objc; path = AppDelegate.m; sourceTree = "<group>"; };
		84B426EF187BCC4200783D95 /* Images.xcassets */ = {isa = PBXFileReference; lastKnownFileType = folder.assetcatalog; path = Images.xcassets; sourceTree = "<group>"; };
		84B426F5187BCC4200783D95 /* TextExtractorTests.xctest */ = {isa = PBXFileReference; explicitFileType = wrapper.cfbundle; includeInIndex = 0; path = TextExtractorTests.xctest; sourceTree = BUILT_PRODUCTS_DIR; };
		84B426F6187BCC4200783D95 /* XCTest.framework */ = {isa = PBXFileReference; lastKnownFileType = wrapper.framework; name = XCTest.framework; path = Library/Frameworks/XCTest.framework; sourceTree = DEVELOPER_DIR; };
		84B426FE187BCC4200783D95 /* TextExtractorTests-Info.plist */ = {isa = PBXFileReference; lastKnownFileType = text.plist.xml; path = "TextExtractorTests-Info.plist"; sourceTree = "<group>"; };
		84B42700187BCC4200783D95 /* en */ = {isa = PBXFileReference; lastKnownFileType = text.plist.strings; name = en; path = en.lproj/InfoPlist.strings; sourceTree = "<group>"; };
		84B42702187BCC4200783D95 /* TextExtractorTests.m */ = {isa = PBXFileReference; lastKnownFileType = sourcecode.c.objc; path = TextExtractorTests.m; sourceTree = "<group>"; };
		84B4270F187C210600783D95 /* MVTextExtractor.h */ = {isa = PBXFileReference; fileEncoding = 4; lastKnownFileType = sourcecode.c.h; path = MVTextExtractor.h; sourceTree = "<group>"; };
		84B42710187C210600783D95 /* MVTextExtractor.m */ = {isa = PBXFileReference; fileEncoding = 4; lastKnownFileType = sourcecode.c.objc; path = MVTextExtractor.m; sourceTree = "<group>"; };
		84B42712187C286B00783D95 /* NSString+MVString.h */ = {isa = PBXFileReference; fileEncoding = 4; lastKnownFileType = sourcecode.c.h; path = "NSString+MVString.h"; sourceTree = "<group>"; };
		84B42713187C286B00783D95 /* NSString+MVString.m */ = {isa = PBXFileReference; fileEncoding = 4; lastKnownFileType = sourcecode.c.objc; path = "NSString+MVString.m"; sourceTree = "<group>"; };
/* End PBXFileReference section */

/* Begin PBXFrameworksBuildPhase section */
		84B426D7187BCC4200783D95 /* Frameworks */ = {
			isa = PBXFrameworksBuildPhase;
			buildActionMask = 2147483647;
			files = (
				84B426E0187BCC4200783D95 /* CoreGraphics.framework in Frameworks */,
				84B426E2187BCC4200783D95 /* UIKit.framework in Frameworks */,
				84B426DE187BCC4200783D95 /* Foundation.framework in Frameworks */,
			);
			runOnlyForDeploymentPostprocessing = 0;
		};
		84B426F2187BCC4200783D95 /* Frameworks */ = {
			isa = PBXFrameworksBuildPhase;
			buildActionMask = 2147483647;
			files = (
				84B426F7187BCC4200783D95 /* XCTest.framework in Frameworks */,
				84B426F9187BCC4200783D95 /* UIKit.framework in Frameworks */,
				84B426F8187BCC4200783D95 /* Foundation.framework in Frameworks */,
			);
			runOnlyForDeploymentPostprocessing = 0;
		};
/* End PBXFrameworksBuildPhase section */

/* Begin PBXGroup section */
		84B426D1187BCC4200783D95 = {
			isa = PBXGroup;
			children = (
				84B426E3187BCC4200783D95 /* TextExtractor */,
				84B426FC187BCC4200783D95 /* TextExtractorTests */,
				84B426DC187BCC4200783D95 /* Frameworks */,
				84B426DB187BCC4200783D95 /* Products */,
			);
			sourceTree = "<group>";
		};
		84B426DB187BCC4200783D95 /* Products */ = {
			isa = PBXGroup;
			children = (
				84B426DA187BCC4200783D95 /* TextExtractor.app */,
				84B426F5187BCC4200783D95 /* TextExtractorTests.xctest */,
			);
			name = Products;
			sourceTree = "<group>";
		};
		84B426DC187BCC4200783D95 /* Frameworks */ = {
			isa = PBXGroup;
			children = (
				84B426DD187BCC4200783D95 /* Foundation.framework */,
				84B426DF187BCC4200783D95 /* CoreGraphics.framework */,
				84B426E1187BCC4200783D95 /* UIKit.framework */,
				84B426F6187BCC4200783D95 /* XCTest.framework */,
			);
			name = Frameworks;
			sourceTree = "<group>";
		};
		84B426E3187BCC4200783D95 /* TextExtractor */ = {
			isa = PBXGroup;
			children = (
				84B426EC187BCC4200783D95 /* AppDelegate.h */,
				84B426ED187BCC4200783D95 /* AppDelegate.m */,
				84B426EF187BCC4200783D95 /* Images.xcassets */,
				84B426E4187BCC4200783D95 /* Supporting Files */,
				84B4270F187C210600783D95 /* MVTextExtractor.h */,
				84B42710187C210600783D95 /* MVTextExtractor.m */,
				84B42712187C286B00783D95 /* NSString+MVString.h */,
				84B42713187C286B00783D95 /* NSString+MVString.m */,
			);
			path = TextExtractor;
			sourceTree = "<group>";
		};
		84B426E4187BCC4200783D95 /* Supporting Files */ = {
			isa = PBXGroup;
			children = (
				84B426E5187BCC4200783D95 /* TextExtractor-Info.plist */,
				84B426E6187BCC4200783D95 /* InfoPlist.strings */,
				84B426E9187BCC4200783D95 /* main.m */,
				84B426EB187BCC4200783D95 /* TextExtractor-Prefix.pch */,
			);
			name = "Supporting Files";
			sourceTree = "<group>";
		};
		84B426FC187BCC4200783D95 /* TextExtractorTests */ = {
			isa = PBXGroup;
			children = (
				84B42702187BCC4200783D95 /* TextExtractorTests.m */,
				84B426FD187BCC4200783D95 /* Supporting Files */,
			);
			path = TextExtractorTests;
			sourceTree = "<group>";
		};
		84B426FD187BCC4200783D95 /* Supporting Files */ = {
			isa = PBXGroup;
			children = (
				84B426FE187BCC4200783D95 /* TextExtractorTests-Info.plist */,
				84B426FF187BCC4200783D95 /* InfoPlist.strings */,
			);
			name = "Supporting Files";
			sourceTree = "<group>";
		};
/* End PBXGroup section */

/* Begin PBXNativeTarget section */
		84B426D9187BCC4200783D95 /* TextExtractor */ = {
			isa = PBXNativeTarget;
			buildConfigurationList = 84B42706187BCC4200783D95 /* Build configuration list for PBXNativeTarget "TextExtractor" */;
			buildPhases = (
				84B426D6187BCC4200783D95 /* Sources */,
				84B426D7187BCC4200783D95 /* Frameworks */,
				84B426D8187BCC4200783D95 /* Resources */,
			);
			buildRules = (
			);
			dependencies = (
			);
			name = TextExtractor;
			productName = TextExtractor;
			productReference = 84B426DA187BCC4200783D95 /* TextExtractor.app */;
			productType = "com.apple.product-type.application";
		};
		84B426F4187BCC4200783D95 /* TextExtractorTests */ = {
			isa = PBXNativeTarget;
			buildConfigurationList = 84B42709187BCC4200783D95 /* Build configuration list for PBXNativeTarget "TextExtractorTests" */;
			buildPhases = (
				84B426F1187BCC4200783D95 /* Sources */,
				84B426F2187BCC4200783D95 /* Frameworks */,
				84B426F3187BCC4200783D95 /* Resources */,
			);
			buildRules = (
			);
			dependencies = (
				84B426FB187BCC4200783D95 /* PBXTargetDependency */,
			);
			name = TextExtractorTests;
			productName = TextExtractorTests;
			productReference = 84B426F5187BCC4200783D95 /* TextExtractorTests.xctest */;
			productType = "com.apple.product-type.bundle.unit-test";
		};
/* End PBXNativeTarget section */

/* Begin PBXProject section */
		84B426D2187BCC4200783D95 /* Project object */ = {
			isa = PBXProject;
			attributes = {
				LastUpgradeCheck = 0500;
				ORGANIZATIONNAME = admin;
				TargetAttributes = {
					84B426F4187BCC4200783D95 = {
						TestTargetID = 84B426D9187BCC4200783D95;
					};
				};
			};
			buildConfigurationList = 84B426D5187BCC4200783D95 /* Build configuration list for PBXProject "TextExtractor" */;
			compatibilityVersion = "Xcode 3.2";
			developmentRegion = English;
			hasScannedForEncodings = 0;
			knownRegions = (
				en,
			);
			mainGroup = 84B426D1187BCC4200783D95;
			productRefGroup = 84B426DB187BCC4200783D95 /* Products */;
			projectDirPath = "";
			projectRoot = "";
			targets = (
				84B426D9187BCC4200783D95 /* TextExtractor */,
				84B426F4187BCC4200783D95 /* TextExtractorTests */,
			);
		};
/* End PBXProject section */

/* Begin PBXResourcesBuildPhase section */
		84B426D8187BCC4200783D95 /* Resources */ = {
			isa = PBXResourcesBuildPhase;
			buildActionMask = 2147483647;
			files = (
				84B426E8187BCC4200783D95 /* InfoPlist.strings in Resources */,
				84B426F0187BCC4200783D95 /* Images.xcassets in Resources */,
			);
			runOnlyForDeploymentPostprocessing = 0;
		};
		84B426F3187BCC4200783D95 /* Resources */ = {
			isa = PBXResourcesBuildPhase;
			buildActionMask = 2147483647;
			files = (
				84B42701187BCC4200783D95 /* InfoPlist.strings in Resources */,
			);
			runOnlyForDeploymentPostprocessing = 0;
		};
/* End PBXResourcesBuildPhase section */

/* Begin PBXSourcesBuildPhase section */
		84B426D6187BCC4200783D95 /* Sources */ = {
			isa = PBXSourcesBuildPhase;
			buildActionMask = 2147483647;
			files = (
				84B42711187C210600783D95 /* MVTextExtractor.m in Sources */,
				84B426EE187BCC4200783D95 /* AppDelegate.m in Sources */,
				84B426EA187BCC4200783D95 /* main.m in Sources */,
				84B42714187C286B00783D95 /* NSString+MVString.m in Sources */,
			);
			runOnlyForDeploymentPostprocessing = 0;
		};
		84B426F1187BCC4200783D95 /* Sources */ = {
			isa = PBXSourcesBuildPhase;
			buildActionMask = 2147483647;
			files = (
				84B42703187BCC4200783D95 /* TextExtractorTests.m in Sources */,
			);
			runOnlyForDeploymentPostprocessing = 0;
		};
/* End PBXSourcesBuildPhase section */

/* Begin PBXTargetDependency section */
		84B426FB187BCC4200783D95 /* PBXTargetDependency */ = {
			isa = PBXTargetDependency;
			target = 84B426D9187BCC4200783D95 /* TextExtractor */;
			targetProxy = 84B426FA187BCC4200783D95 /* PBXContainerItemProxy */;
		};
/* End PBXTargetDependency section */

/* Begin PBXVariantGroup section */
		84B426E6187BCC4200783D95 /* InfoPlist.strings */ = {
			isa = PBXVariantGroup;
			children = (
				84B426E7187BCC4200783D95 /* en */,
			);
			name = InfoPlist.strings;
			sourceTree = "<group>";
		};
		84B426FF187BCC4200783D95 /* InfoPlist.strings */ = {
			isa = PBXVariantGroup;
			children = (
				84B42700187BCC4200783D95 /* en */,
			);
			name = InfoPlist.strings;
			sourceTree = "<group>";
		};
/* End PBXVariantGroup section */

/* Begin XCBuildConfiguration section */
		84B42704187BCC4200783D95 /* Debug */ = {
			isa = XCBuildConfiguration;
			buildSettings = {
				ALWAYS_SEARCH_USER_PATHS = NO;
				ARCHS = "$(ARCHS_STANDARD_INCLUDING_64_BIT)";
				CLANG_CXX_LANGUAGE_STANDARD = "gnu++0x";
				CLANG_CXX_LIBRARY = "libc++";
				CLANG_ENABLE_MODULES = YES;
				CLANG_ENABLE_OBJC_ARC = YES;
				CLANG_WARN_BOOL_CONVERSION = YES;
				CLANG_WARN_CONSTANT_CONVERSION = YES;
				CLANG_WARN_DIRECT_OBJC_ISA_USAGE = YES_ERROR;
				CLANG_WARN_EMPTY_BODY = YES;
				CLANG_WARN_ENUM_CONVERSION = YES;
				CLANG_WARN_INT_CONVERSION = YES;
				CLANG_WARN_OBJC_ROOT_CLASS = YES_ERROR;
				CLANG_WARN__DUPLICATE_METHOD_MATCH = YES;
				"CODE_SIGN_IDENTITY[sdk=iphoneos*]" = "iPhone Developer";
				COPY_PHASE_STRIP = NO;
				GCC_C_LANGUAGE_STANDARD = gnu99;
				GCC_DYNAMIC_NO_PIC = NO;
				GCC_OPTIMIZATION_LEVEL = 0;
				GCC_PREPROCESSOR_DEFINITIONS = (
					"DEBUG=1",
					"$(inherited)",
				);
				GCC_SYMBOLS_PRIVATE_EXTERN = NO;
				GCC_WARN_64_TO_32_BIT_CONVERSION = YES;
				GCC_WARN_ABOUT_RETURN_TYPE = YES_ERROR;
				GCC_WARN_UNDECLARED_SELECTOR = YES;
				GCC_WARN_UNINITIALIZED_AUTOS = YES;
				GCC_WARN_UNUSED_FUNCTION = YES;
				GCC_WARN_UNUSED_VARIABLE = YES;
				IPHONEOS_DEPLOYMENT_TARGET = 7.0;
				ONLY_ACTIVE_ARCH = YES;
				SDKROOT = iphoneos;
				TARGETED_DEVICE_FAMILY = "1,2";
			};
			name = Debug;
		};
		84B42705187BCC4200783D95 /* Release */ = {
			isa = XCBuildConfiguration;
			buildSettings = {
				ALWAYS_SEARCH_USER_PATHS = NO;
				ARCHS = "$(ARCHS_STANDARD_INCLUDING_64_BIT)";
				CLANG_CXX_LANGUAGE_STANDARD = "gnu++0x";
				CLANG_CXX_LIBRARY = "libc++";
				CLANG_ENABLE_MODULES = YES;
				CLANG_ENABLE_OBJC_ARC = YES;
				CLANG_WARN_BOOL_CONVERSION = YES;
				CLANG_WARN_CONSTANT_CONVERSION = YES;
				CLANG_WARN_DIRECT_OBJC_ISA_USAGE = YES_ERROR;
				CLANG_WARN_EMPTY_BODY = YES;
				CLANG_WARN_ENUM_CONVERSION = YES;
				CLANG_WARN_INT_CONVERSION = YES;
				CLANG_WARN_OBJC_ROOT_CLASS = YES_ERROR;
				CLANG_WARN__DUPLICATE_METHOD_MATCH = YES;
				"CODE_SIGN_IDENTITY[sdk=iphoneos*]" = "iPhone Developer";
				COPY_PHASE_STRIP = YES;
				ENABLE_NS_ASSERTIONS = NO;
				GCC_C_LANGUAGE_STANDARD = gnu99;
				GCC_WARN_64_TO_32_BIT_CONVERSION = YES;
				GCC_WARN_ABOUT_RETURN_TYPE = YES_ERROR;
				GCC_WARN_UNDECLARED_SELECTOR = YES;
				GCC_WARN_UNINITIALIZED_AUTOS = YES;
				GCC_WARN_UNUSED_FUNCTION = YES;
				GCC_WARN_UNUSED_VARIABLE = YES;
				IPHONEOS_DEPLOYMENT_TARGET = 7.0;
				SDKROOT = iphoneos;
				TARGETED_DEVICE_FAMILY = "1,2";
				VALIDATE_PRODUCT = YES;
			};
			name = Release;
		};
		84B42707187BCC4200783D95 /* Debug */ = {
			isa = XCBuildConfiguration;
			buildSettings = {
				ASSETCATALOG_COMPILER_APPICON_NAME = AppIcon;
				ASSETCATALOG_COMPILER_LAUNCHIMAGE_NAME = LaunchImage;
				GCC_PRECOMPILE_PREFIX_HEADER = YES;
				GCC_PREFIX_HEADER = "TextExtractor/TextExtractor-Prefix.pch";
				INFOPLIST_FILE = "TextExtractor/TextExtractor-Info.plist";
				PRODUCT_NAME = "$(TARGET_NAME)";
				WRAPPER_EXTENSION = app;
			};
			name = Debug;
		};
		84B42708187BCC4200783D95 /* Release */ = {
			isa = XCBuildConfiguration;
			buildSettings = {
				ASSETCATALOG_COMPILER_APPICON_NAME = AppIcon;
				ASSETCATALOG_COMPILER_LAUNCHIMAGE_NAME = LaunchImage;
				GCC_PRECOMPILE_PREFIX_HEADER = YES;
				GCC_PREFIX_HEADER = "TextExtractor/TextExtractor-Prefix.pch";
				INFOPLIST_FILE = "TextExtractor/TextExtractor-Info.plist";
				PRODUCT_NAME = "$(TARGET_NAME)";
				WRAPPER_EXTENSION = app;
			};
			name = Release;
		};
		84B4270A187BCC4200783D95 /* Debug */ = {
			isa = XCBuildConfiguration;
			buildSettings = {
				ARCHS = "$(ARCHS_STANDARD_INCLUDING_64_BIT)";
				BUNDLE_LOADER = "$(BUILT_PRODUCTS_DIR)/TextExtractor.app/TextExtractor";
				FRAMEWORK_SEARCH_PATHS = (
					"$(SDKROOT)/Developer/Library/Frameworks",
					"$(inherited)",
					"$(DEVELOPER_FRAMEWORKS_DIR)",
				);
				GCC_PRECOMPILE_PREFIX_HEADER = YES;
				GCC_PREFIX_HEADER = "TextExtractor/TextExtractor-Prefix.pch";
				GCC_PREPROCESSOR_DEFINITIONS = (
					"DEBUG=1",
					"$(inherited)",
				);
				INFOPLIST_FILE = "TextExtractorTests/TextExtractorTests-Info.plist";
				PRODUCT_NAME = "$(TARGET_NAME)";
				TEST_HOST = "$(BUNDLE_LOADER)";
				WRAPPER_EXTENSION = xctest;
			};
			name = Debug;
		};
		84B4270B187BCC4200783D95 /* Release */ = {
			isa = XCBuildConfiguration;
			buildSettings = {
				ARCHS = "$(ARCHS_STANDARD_INCLUDING_64_BIT)";
				BUNDLE_LOADER = "$(BUILT_PRODUCTS_DIR)/TextExtractor.app/TextExtractor";
				FRAMEWORK_SEARCH_PATHS = (
					"$(SDKROOT)/Developer/Library/Frameworks",
					"$(inherited)",
					"$(DEVELOPER_FRAMEWORKS_DIR)",
				);
				GCC_PRECOMPILE_PREFIX_HEADER = YES;
				GCC_PREFIX_HEADER = "TextExtractor/TextExtractor-Prefix.pch";
				INFOPLIST_FILE = "TextExtractorTests/TextExtractorTests-Info.plist";
				PRODUCT_NAME = "$(TARGET_NAME)";
				TEST_HOST = "$(BUNDLE_LOADER)";
				WRAPPER_EXTENSION = xctest;
			};
			name = Release;
		};
/* End XCBuildConfiguration section */

/* Begin XCConfigurationList section */
		84B426D5187BCC4200783D95 /* Build configuration list for PBXProject "TextExtractor" */ = {
			isa = XCConfigurationList;
			buildConfigurations = (
				84B42704187BCC4200783D95 /* Debug */,
				84B42705187BCC4200783D95 /* Release */,
			);
			defaultConfigurationIsVisible = 0;
			defaultConfigurationName = Release;
		};
		84B42706187BCC4200783D95 /* Build configuration list for PBXNativeTarget "TextExtractor" */ = {
			isa = XCConfigurationList;
			buildConfigurations = (
				84B42707187BCC4200783D95 /* Debug */,
				84B42708187BCC4200783D95 /* Release */,
			);
			defaultConfigurationIsVisible = 0;
			defaultConfigurationName = Release;
		};
		84B42709187BCC4200783D95 /* Build configuration list for PBXNativeTarget "TextExtractorTests" */ = {
			isa = XCConfigurationList;
			buildConfigurations = (
				84B4270A187BCC4200783D95 /* Debug */,
				84B4270B187BCC4200783D95 /* Release */,
			);
			defaultConfigurationIsVisible = 0;
			defaultConfigurationName = Release;
		};
/* End XCConfigurationList section */
	};
	rootObject = 84B426D2187BCC4200783D95 /* Project object */;
}
